<?xml version="1.0" encoding="utf-8"?>
<Project ToolsVersion="4.0" xmlns="http://schemas.microsoft.com/developer/msbuild/2003">
  <ItemGroup>
    <Filter Include="Source Files">
      <UniqueIdentifier>{4FC737F1-C7A5-4376-A066-2A32D752A2FF}</UniqueIdentifier>
      <Extensions>cpp;c;cc;cxx;c++;cppm;ixx;def;odl;idl;hpj;bat;asm;asmx</Extensions>
    </Filter>
    <Filter Include="Header Files">
      <UniqueIdentifier>{93995380-89BD-4b04-88EB-625FBE52EBFB}</UniqueIdentifier>
      <Extensions>h;hh;hpp;hxx;h++;hm;inl;inc;ipp;xsd</Extensions>
    </Filter>
    <Filter Include="Resource Files">
      <UniqueIdentifier>{67DA6AB6-F800-4c08-8B7A-83BB121AAD01}</UniqueIdentifier>
      <Extensions>rc;ico;cur;bmp;dlg;rc2;rct;bin;rgs;gif;jpg;jpeg;jpe;resx;tiff;tif;png;wav;mfcribbon-ms</Extensions>
    </Filter>
  </ItemGroup>
  <ItemGroup>
    <ClCompile Include="Main\App.cpp">
      <Filter>Source Files</Filter>
    </ClCompile>
    <ClCompile Include="Main\Source.cpp">
      <Filter>Source Files</Filter>
    </ClCompile>
    <ClCompile Include="Misc\Toolbox.cpp">
      <Filter>Source Files</Filter>
    </ClCompile>
    <ClCompile Include="FileBufferedReader\FileBufferedReader.cpp">
      <Filter>Source Files</Filter>
    </ClCompile>
    <ClCompile Include="DeliveryService\BaseClasses\Course.cpp">
      <Filter>Source Files</Filter>
    </ClCompile>
    <ClCompile Include="DeliveryService\BaseClasses\Drink.cpp">
      <Filter>Source Files</Filter>
    </ClCompile>
    <ClCompile Include="DeliveryService\BaseClasses\Order.cpp">
      <Filter>Source Files</Filter>
    </ClCompile>
    <ClCompile Include="DeliveryService\Builder\OrderBuilder.cpp">
      <Filter>Source Files</Filter>
    </ClCompile>
    <ClCompile Include="DeliveryService\Builder\OrderDirector.cpp">
      <Filter>Source Files</Filter>
    </ClCompile>
    <ClCompile Include="DeliveryService\Wrappers\DeliverySimulator.cpp">
      <Filter>Source Files</Filter>
    </ClCompile>
    <ClCompile Include="DeliveryService\Wrappers\OrderDecorator.cpp">
      <Filter>Source Files</Filter>
    </ClCompile>
  </ItemGroup>
  <ItemGroup>
    <ClInclude Include="Main\App.h">
      <Filter>Header Files</Filter>
    </ClInclude>
    <ClInclude Include="Misc\Toolbox.h">
      <Filter>Header Files</Filter>
    </ClInclude>
    <ClInclude Include="FileBufferedReader\FileBufferedReader.h">
      <Filter>Header Files</Filter>
    </ClInclude>
    <ClInclude Include="DeliveryService\BaseClasses\Course.h">
      <Filter>Header Files</Filter>
    </ClInclude>
    <ClInclude Include="DeliveryService\BaseClasses\Drink.h">
      <Filter>Header Files</Filter>
    </ClInclude>
    <ClInclude Include="DeliveryService\BaseClasses\Order.h">
      <Filter>Header Files</Filter>
    </ClInclude>
    <ClInclude Include="DeliveryService\Builder\OrderBuilder.h">
      <Filter>Header Files</Filter>
    </ClInclude>
    <ClInclude Include="DeliveryService\Builder\OrderDirector.h">
      <Filter>Header Files</Filter>
    </ClInclude>
    <ClInclude Include="DeliveryService\Wrappers\DeliverySimulator.h">
      <Filter>Header Files</Filter>
    </ClInclude>
    <ClInclude Include="DeliveryService\Wrappers\OrderDecorator.h">
      <Filter>Header Files</Filter>
    </ClInclude>
  </ItemGroup>
</Project>